
Microsoft Visual Studio Solution File, Format Version 12.00
# Visual Studio 15
Project("{FAE04EC0-301F-11D3-BF4B-00C04F79EFBC}") = "MadelinePartyCode", "MadelinePartyCode.csproj", "{50EBE06B-4A25-42B8-9E58-E14C33D93651}"
EndProject
Global
	GlobalSection(SolutionConfigurationPlatforms) = preSolution
		Debug|Any CPU = Debug|Any CPU
		Release|Any CPU = Release|Any CPU
	EndGlobalSection
	GlobalSection(ProjectConfigurationPlatforms) = postSolution
		{50EBE06B-4A25-42B8-9E58-E14C33D93651}.Debug|Any CPU.ActiveCfg = Debug|Any CPU
		{50EBE06B-4A25-42B8-9E58-E14C33D93651}.Debug|Any CPU.Build.0 = Debug|Any CPU
		{50EBE06B-4A25-42B8-9E58-E14C33D93651}.Release|Any CPU.ActiveCfg = Release|Any CPU
		{50EBE06B-4A25-42B8-9E58-E14C33D93651}.Release|Any CPU.Build.0 = Release|Any CPU
	EndGlobalSection
EndGlobal
